PODS:
  - JVConstraintEdges (0.3.1):
    - JVContentType
    - JVSizeable
  - JVContentType (0.1.7)
  - JVGenericTableView (0.1.6):
    - JVConstraintEdges
  - JVSizeable (0.1.0)

DEPENDENCIES:
  - JVGenericTableView (from `../`)

SPEC REPOS:
  "https://Jasperav@bitbucket.org/Jasperav/specs.git":
    - JVConstraintEdges
    - JVContentType
    - JVSizeable

EXTERNAL SOURCES:
  JVGenericTableView:
    :path: "../"

SPEC CHECKSUMS:
  JVConstraintEdges: a92172856b464d8666fb72f59d718e140f74591c
  JVContentType: bf617302d029baefccde48eb79edc7634fd15f55
  JVGenericTableView: 0a44c94fcc9f27fb14365b769b1fdbe65e29885c
  JVSizeable: 1252e6b1bed411b3fc34f6119d8eaf6803876cd3

PODFILE CHECKSUM: 9cada9cd335914368acdcecc18821a1cb49c7e24

COCOAPODS: 1.6.1
